// !$*UTF8*$!
{
	archiveVersion = 1;
	classes = {
	};
	objectVersion = 77;
	objects = {

/* Begin PBXContainerItemProxy section */
		277637C72DA5BFDB00B414D8 /* PBXContainerItemProxy */ = {
			isa = PBXContainerItemProxy;
			containerPortal = 277637B12DA5BFDA00B414D8 /* Project object */;
			proxyType = 1;
			remoteGlobalIDString = 277637B82DA5BFDA00B414D8;
			remoteInfo = AboutMe;
		};
		277637D12DA5BFDB00B414D8 /* PBXContainerItemProxy */ = {
			isa = PBXContainerItemProxy;
			containerPortal = 277637B12DA5BFDA00B414D8 /* Project object */;
			proxyType = 1;
			remoteGlobalIDString = 277637B82DA5BFDA00B414D8;
			remoteInfo = AboutMe;
		};
/* End PBXContainerItemProxy section */

/* Begin PBXFileReference section */
		277637B92DA5BFDA00B414D8 /* AboutMe.app */ = {isa = PBXFileReference; explicitFileType = wrapper.application; includeInIndex = 0; path = AboutMe.app; sourceTree = BUILT_PRODUCTS_DIR; };
		277637C62DA5BFDB00B414D8 /* AboutMeTests.xctest */ = {isa = PBXFileReference; explicitFileType = wrapper.cfbundle; includeInIndex = 0; path = AboutMeTests.xctest; sourceTree = BUILT_PRODUCTS_DIR; };
		277637D02DA5BFDB00B414D8 /* AboutMeUITests.xctest */ = {isa = PBXFileReference; explicitFileType = wrapper.cfbundle; includeInIndex = 0; path = AboutMeUITests.xctest; sourceTree = BUILT_PRODUCTS_DIR; };
/* End PBXFileReference section */

/* Begin PBXFileSystemSynchronizedRootGroup section */
		277637BB2DA5BFDA00B414D8 /* AboutMe */ = {
			isa = PBXFileSystemSynchronizedRootGroup;
			path = AboutMe;
			sourceTree = "<group>";
		};
		277637C92DA5BFDB00B414D8 /* AboutMeTests */ = {
			isa = PBXFileSystemSynchronizedRootGroup;
			path = AboutMeTests;
			sourceTree = "<group>";
		};
		277637D32DA5BFDB00B414D8 /* AboutMeUITests */ = {
			isa = PBXFileSystemSynchronizedRootGroup;
			path = AboutMeUITests;
			sourceTree = "<group>";
		};
/* End PBXFileSystemSynchronizedRootGroup section */

/* Begin PBXFrameworksBuildPhase section */
		277637B62DA5BFDA00B414D8 /* Frameworks */ = {
			isa = PBXFrameworksBuildPhase;
			buildActionMask = 2147483647;
			files = (
			);
			runOnlyForDeploymentPostprocessing = 0;
		};
		277637C32DA5BFDB00B414D8 /* Frameworks */ = {
			isa = PBXFrameworksBuildPhase;
			buildActionMask = 2147483647;
			files = (
			);
			runOnlyForDeploymentPostprocessing = 0;
		};
		277637CD2DA5BFDB00B414D8 /* Frameworks */ = {
			isa = PBXFrameworksBuildPhase;
			buildActionMask = 2147483647;
			files = (
			);
			runOnlyForDeploymentPostprocessing = 0;
		};
/* End PBXFrameworksBuildPhase section */

/* Begin PBXGroup section */
		277637B02DA5BFDA00B414D8 = {
			isa = PBXGroup;
			children = (
				277637BB2DA5BFDA00B414D8 /* AboutMe */,
				277637C92DA5BFDB00B414D8 /* AboutMeTests */,
				277637D32DA5BFDB00B414D8 /* AboutMeUITests */,
				277637BA2DA5BFDA00B414D8 /* Products */,
			);
			sourceTree = "<group>";
		};
		277637BA2DA5BFDA00B414D8 /* Products */ = {
			isa = PBXGroup;
			children = (
				277637B92DA5BFDA00B414D8 /* AboutMe.app */,
				277637C62DA5BFDB00B414D8 /* AboutMeTests.xctest */,
				277637D02DA5BFDB00B414D8 /* AboutMeUITests.xctest */,
			);
			name = Products;
			sourceTree = "<group>";
		};
/* End PBXGroup section */

/* Begin PBXNativeTarget section */
		277637B82DA5BFDA00B414D8 /* AboutMe */ = {
			isa = PBXNativeTarget;
			buildConfigurationList = 277637DA2DA5BFDB00B414D8 /* Build configuration list for PBXNativeTarget "AboutMe" */;
			buildPhases = (
				277637B52DA5BFDA00B414D8 /* Sources */,
				277637B62DA5BFDA00B414D8 /* Frameworks */,
				277637B72DA5BFDA00B414D8 /* Resources */,
			);
			buildRules = (
			);
			dependencies = (
			);
			fileSystemSynchronizedGroups = (
				277637BB2DA5BFDA00B414D8 /* AboutMe */,
			);
			name = AboutMe;
			packageProductDependencies = (
			);
			productName = AboutMe;
			productReference = 277637B92DA5BFDA00B414D8 /* AboutMe.app */;
			productType = "com.apple.product-type.application";
		};
		277637C52DA5BFDB00B414D8 /* AboutMeTests */ = {
			isa = PBXNativeTarget;
			buildConfigurationList = 277637DD2DA5BFDB00B414D8 /* Build configuration list for PBXNativeTarget "AboutMeTests" */;
			buildPhases = (
				277637C22DA5BFDB00B414D8 /* Sources */,
				277637C32DA5BFDB00B414D8 /* Frameworks */,
				277637C42DA5BFDB00B414D8 /* Resources */,
			);
			buildRules = (
			);
			dependencies = (
				277637C82DA5BFDB00B414D8 /* PBXTargetDependency */,
			);
			fileSystemSynchronizedGroups = (
				277637C92DA5BFDB00B414D8 /* AboutMeTests */,
			);
			name = AboutMeTests;
			packageProductDependencies = (
			);
			productName = AboutMeTests;
			productReference = 277637C62DA5BFDB00B414D8 /* AboutMeTests.xctest */;
			productType = "com.apple.product-type.bundle.unit-test";
		};
		277637CF2DA5BFDB00B414D8 /* AboutMeUITests */ = {
			isa = PBXNativeTarget;
			buildConfigurationList = 277637E02DA5BFDB00B414D8 /* Build configuration list for PBXNativeTarget "AboutMeUITests" */;
			buildPhases = (
				277637CC2DA5BFDB00B414D8 /* Sources */,
				277637CD2DA5BFDB00B414D8 /* Frameworks */,
				277637CE2DA5BFDB00B414D8 /* Resources */,
			);
			buildRules = (
			);
			dependencies = (
				277637D22DA5BFDB00B414D8 /* PBXTargetDependency */,
			);
			fileSystemSynchronizedGroups = (
				277637D32DA5BFDB00B414D8 /* AboutMeUITests */,
			);
			name = AboutMeUITests;
			packageProductDependencies = (
			);
			productName = AboutMeUITests;
			productReference = 277637D02DA5BFDB00B414D8 /* AboutMeUITests.xctest */;
			productType = "com.apple.product-type.bundle.ui-testing";
		};
/* End PBXNativeTarget section */

/* Begin PBXProject section */
		277637B12DA5BFDA00B414D8 /* Project object */ = {
			isa = PBXProject;
			attributes = {
				BuildIndependentTargetsInParallel = 1;
				LastSwiftUpdateCheck = 1630;
				LastUpgradeCheck = 1630;
				TargetAttributes = {
					277637B82DA5BFDA00B414D8 = {
						CreatedOnToolsVersion = 16.3;
					};
					277637C52DA5BFDB00B414D8 = {
						CreatedOnToolsVersion = 16.3;
						TestTargetID = 277637B82DA5BFDA00B414D8;
					};
					277637CF2DA5BFDB00B414D8 = {
						CreatedOnToolsVersion = 16.3;
						TestTargetID = 277637B82DA5BFDA00B414D8;
					};
				};
			};
			buildConfigurationList = 277637B42DA5BFDA00B414D8 /* Build configuration list for PBXProject "AboutMe" */;
			developmentRegion = en;
			hasScannedForEncodings = 0;
			knownRegions = (
				en,
				Base,
			);
			mainGroup = 277637B02DA5BFDA00B414D8;
			minimizedProjectReferenceProxies = 1;
			preferredProjectObjectVersion = 77;
			productRefGroup = 277637BA2DA5BFDA00B414D8 /* Products */;
			projectDirPath = "";
			projectRoot = "";
			targets = (
				277637B82DA5BFDA00B414D8 /* AboutMe */,
				277637C52DA5BFDB00B414D8 /* AboutMeTests */,
				277637CF2DA5BFDB00B414D8 /* AboutMeUITests */,
			);
		};
/* End PBXProject section */

/* Begin PBXResourcesBuildPhase section */
		277637B72DA5BFDA00B414D8 /* Resources */ = {
			isa = PBXResourcesBuildPhase;
			buildActionMask = 2147483647;
			files = (
			);
			runOnlyForDeploymentPostprocessing = 0;
		};
		277637C42DA5BFDB00B414D8 /* Resources */ = {
			isa = PBXResourcesBuildPhase;
			buildActionMask = 2147483647;
			files = (
			);
			runOnlyForDeploymentPostprocessing = 0;
		};
		277637CE2DA5BFDB00B414D8 /* Resources */ = {
			isa = PBXResourcesBuildPhase;
			buildActionMask = 2147483647;
			files = (
			);
			runOnlyForDeploymentPostprocessing = 0;
		};
/* End PBXResourcesBuildPhase section */

/* Begin PBXSourcesBuildPhase section */
		277637B52DA5BFDA00B414D8 /* Sources */ = {
			isa = PBXSourcesBuildPhase;
			buildActionMask = 2147483647;
			files = (
			);
			runOnlyForDeploymentPostprocessing = 0;
		};
		277637C22DA5BFDB00B414D8 /* Sources */ = {
			isa = PBXSourcesBuildPhase;
			buildActionMask = 2147483647;
			files = (
			);
			runOnlyForDeploymentPostprocessing = 0;
		};
		277637CC2DA5BFDB00B414D8 /* Sources */ = {
			isa = PBXSourcesBuildPhase;
			buildActionMask = 2147483647;
			files = (
			);
			runOnlyForDeploymentPostprocessing = 0;
		};
/* End PBXSourcesBuildPhase section */

/* Begin PBXTargetDependency section */
		277637C82DA5BFDB00B414D8 /* PBXTargetDependency */ = {
			isa = PBXTargetDependency;
			target = 277637B82DA5BFDA00B414D8 /* AboutMe */;
			targetProxy = 277637C72DA5BFDB00B414D8 /* PBXContainerItemProxy */;
		};
		277637D22DA5BFDB00B414D8 /* PBXTargetDependency */ = {
			isa = PBXTargetDependency;
			target = 277637B82DA5BFDA00B414D8 /* AboutMe */;
			targetProxy = 277637D12DA5BFDB00B414D8 /* PBXContainerItemProxy */;
		};
/* End PBXTargetDependency section */

/* Begin XCBuildConfiguration section */
		277637D82DA5BFDB00B414D8 /* Debug */ = {
			isa = XCBuildConfiguration;
			buildSettings = {
				ALWAYS_SEARCH_USER_PATHS = NO;
				ASSETCATALOG_COMPILER_GENERATE_SWIFT_ASSET_SYMBOL_EXTENSIONS = YES;
				CLANG_ANALYZER_NONNULL = YES;
				CLANG_ANALYZER_NUMBER_OBJECT_CONVERSION = YES_AGGRESSIVE;
				CLANG_CXX_LANGUAGE_STANDARD = "gnu++20";
				CLANG_ENABLE_MODULES = YES;
				CLANG_ENABLE_OBJC_ARC = YES;
				CLANG_ENABLE_OBJC_WEAK = YES;
				CLANG_WARN_BLOCK_CAPTURE_AUTORELEASING = YES;
				CLANG_WARN_BOOL_CONVERSION = YES;
				CLANG_WARN_COMMA = YES;
				CLANG_WARN_CONSTANT_CONVERSION = YES;
				CLANG_WARN_DEPRECATED_OBJC_IMPLEMENTATIONS = YES;
				CLANG_WARN_DIRECT_OBJC_ISA_USAGE = YES_ERROR;
				CLANG_WARN_DOCUMENTATION_COMMENTS = YES;
				CLANG_WARN_EMPTY_BODY = YES;
				CLANG_WARN_ENUM_CONVERSION = YES;
				CLANG_WARN_INFINITE_RECURSION = YES;
				CLANG_WARN_INT_CONVERSION = YES;
				CLANG_WARN_NON_LITERAL_NULL_CONVERSION = YES;
				CLANG_WARN_OBJC_IMPLICIT_RETAIN_SELF = YES;
				CLANG_WARN_OBJC_LITERAL_CONVERSION = YES;
				CLANG_WARN_OBJC_ROOT_CLASS = YES_ERROR;
				CLANG_WARN_QUOTED_INCLUDE_IN_FRAMEWORK_HEADER = YES;
				CLANG_WARN_RANGE_LOOP_ANALYSIS = YES;
				CLANG_WARN_STRICT_PROTOTYPES = YES;
				CLANG_WARN_SUSPICIOUS_MOVE = YES;
				CLANG_WARN_UNGUARDED_AVAILABILITY = YES_AGGRESSIVE;
				CLANG_WARN_UNREACHABLE_CODE = YES;
				CLANG_WARN__DUPLICATE_METHOD_MATCH = YES;
				COPY_PHASE_STRIP = NO;
				DEBUG_INFORMATION_FORMAT = dwarf;
				ENABLE_STRICT_OBJC_MSGSEND = YES;
				ENABLE_TESTABILITY = YES;
				ENABLE_USER_SCRIPT_SANDBOXING = YES;
				GCC_C_LANGUAGE_STANDARD = gnu17;
				GCC_DYNAMIC_NO_PIC = NO;
				GCC_NO_COMMON_BLOCKS = YES;
				GCC_OPTIMIZATION_LEVEL = 0;
				GCC_PREPROCESSOR_DEFINITIONS = (
					"DEBUG=1",
					"$(inherited)",
				);
				GCC_WARN_64_TO_32_BIT_CONVERSION = YES;
				GCC_WARN_ABOUT_RETURN_TYPE = YES_ERROR;
				GCC_WARN_UNDECLARED_SELECTOR = YES;
				GCC_WARN_UNINITIALIZED_AUTOS = YES_AGGRESSIVE;
				GCC_WARN_UNUSED_FUNCTION = YES;
				GCC_WARN_UNUSED_VARIABLE = YES;
				IPHONEOS_DEPLOYMENT_TARGET = 18.4;
				LOCALIZATION_PREFERS_STRING_CATALOGS = YES;
				MTL_ENABLE_DEBUG_INFO = INCLUDE_SOURCE;
				MTL_FAST_MATH = YES;
				ONLY_ACTIVE_ARCH = YES;
				SDKROOT = iphoneos;
				SWIFT_ACTIVE_COMPILATION_CONDITIONS = "DEBUG $(inherited)";
				SWIFT_OPTIMIZATION_LEVEL = "-Onone";
			};
			name = Debug;
		};
		277637D92DA5BFDB00B414D8 /* Release */ = {
			isa = XCBuildConfiguration;
			buildSettings = {
				ALWAYS_SEARCH_USER_PATHS = NO;
				ASSETCATALOG_COMPILER_GENERATE_SWIFT_ASSET_SYMBOL_EXTENSIONS = YES;
				CLANG_ANALYZER_NONNULL = YES;
				CLANG_ANALYZER_NUMBER_OBJECT_CONVERSION = YES_AGGRESSIVE;
				CLANG_CXX_LANGUAGE_STANDARD = "gnu++20";
				CLANG_ENABLE_MODULES = YES;
				CLANG_ENABLE_OBJC_ARC = YES;
				CLANG_ENABLE_OBJC_WEAK = YES;
				CLANG_WARN_BLOCK_CAPTURE_AUTORELEASING = YES;
				CLANG_WARN_BOOL_CONVERSION = YES;
				CLANG_WARN_COMMA = YES;
				CLANG_WARN_CONSTANT_CONVERSION = YES;
				CLANG_WARN_DEPRECATED_OBJC_IMPLEMENTATIONS = YES;
				CLANG_WARN_DIRECT_OBJC_ISA_USAGE = YES_ERROR;
				CLANG_WARN_DOCUMENTATION_COMMENTS = YES;
				CLANG_WARN_EMPTY_BODY = YES;
				CLANG_WARN_ENUM_CONVERSION = YES;
				CLANG_WARN_INFINITE_RECURSION = YES;
				CLANG_WARN_INT_CONVERSION = YES;
				CLANG_WARN_NON_LITERAL_NULL_CONVERSION = YES;
				CLANG_WARN_OBJC_IMPLICIT_RETAIN_SELF = YES;
				CLANG_WARN_OBJC_LITERAL_CONVERSION = YES;
				CLANG_WARN_OBJC_ROOT_CLASS = YES_ERROR;
				CLANG_WARN_QUOTED_INCLUDE_IN_FRAMEWORK_HEADER = YES;
				CLANG_WARN_RANGE_LOOP_ANALYSIS = YES;
				CLANG_WARN_STRICT_PROTOTYPES = YES;
				CLANG_WARN_SUSPICIOUS_MOVE = YES;
				CLANG_WARN_UNGUARDED_AVAILABILITY = YES_AGGRESSIVE;
				CLANG_WARN_UNREACHABLE_CODE = YES;
				CLANG_WARN__DUPLICATE_METHOD_MATCH = YES;
				COPY_PHASE_STRIP = NO;
				DEBUG_INFORMATION_FORMAT = "dwarf-with-dsym";
				ENABLE_NS_ASSERTIONS = NO;
				ENABLE_STRICT_OBJC_MSGSEND = YES;
				ENABLE_USER_SCRIPT_SANDBOXING = YES;
				GCC_C_LANGUAGE_STANDARD = gnu17;
				GCC_NO_COMMON_BLOCKS = YES;
				GCC_WARN_64_TO_32_BIT_CONVERSION = YES;
				GCC_WARN_ABOUT_RETURN_TYPE = YES_ERROR;
				GCC_WARN_UNDECLARED_SELECTOR = YES;
				GCC_WARN_UNINITIALIZED_AUTOS = YES_AGGRESSIVE;
				GCC_WARN_UNUSED_FUNCTION = YES;
				GCC_WARN_UNUSED_VARIABLE = YES;
				IPHONEOS_DEPLOYMENT_TARGET = 18.4;
				LOCALIZATION_PREFERS_STRING_CATALOGS = YES;
				MTL_ENABLE_DEBUG_INFO = NO;
				MTL_FAST_MATH = YES;
				SDKROOT = iphoneos;
				SWIFT_COMPILATION_MODE = wholemodule;
				VALIDATE_PRODUCT = YES;
			};
			name = Release;
		};
		277637DB2DA5BFDB00B414D8 /* Debug */ = {
			isa = XCBuildConfiguration;
			buildSettings = {
				ASSETCATALOG_COMPILER_APPICON_NAME = AppIcon;
				ASSETCATALOG_COMPILER_GLOBAL_ACCENT_COLOR_NAME = AccentColor;
				CODE_SIGN_STYLE = Automatic;
				CURRENT_PROJECT_VERSION = 1;
				ENABLE_PREVIEWS = YES;
				GENERATE_INFOPLIST_FILE = YES;
				INFOPLIST_KEY_UIApplicationSceneManifest_Generation = YES;
				INFOPLIST_KEY_UIApplicationSupportsIndirectInputEvents = YES;
				INFOPLIST_KEY_UILaunchScreen_Generation = YES;
				INFOPLIST_KEY_UISupportedInterfaceOrientations_iPad = "UIInterfaceOrientationPortrait UIInterfaceOrientationPortraitUpsideDown UIInterfaceOrientationLandscapeLeft UIInterfaceOrientationLandscapeRight";
				INFOPLIST_KEY_UISupportedInterfaceOrientations_iPhone = "UIInterfaceOrientationPortrait UIInterfaceOrientationLandscapeLeft UIInterfaceOrientationLandscapeRight";
				LD_RUNPATH_SEARCH_PATHS = (
					"$(inherited)",
					"@executable_path/Frameworks",
				);
				MARKETING_VERSION = 1.0;
				PRODUCT_BUNDLE_IDENTIFIER = KWK.AboutMe;
				PRODUCT_NAME = "$(TARGET_NAME)";
				SWIFT_EMIT_LOC_STRINGS = YES;
				SWIFT_VERSION = 5.0;
				TARGETED_DEVICE_FAMILY = "1,2";
			};
			name = Debug;
		};
		277637DC2DA5BFDB00B414D8 /* Release */ = {
			isa = XCBuildConfiguration;
			buildSettings = {
				ASSETCATALOG_COMPILER_APPICON_NAME = AppIcon;
				ASSETCATALOG_COMPILER_GLOBAL_ACCENT_COLOR_NAME = AccentColor;
				CODE_SIGN_STYLE = Automatic;
				CURRENT_PROJECT_VERSION = 1;
				ENABLE_PREVIEWS = YES;
				GENERATE_INFOPLIST_FILE = YES;
				INFOPLIST_KEY_UIApplicationSceneManifest_Generation = YES;
				INFOPLIST_KEY_UIApplicationSupportsIndirectInputEvents = YES;
				INFOPLIST_KEY_UILaunchScreen_Generation = YES;
				INFOPLIST_KEY_UISupportedInterfaceOrientations_iPad = "UIInterfaceOrientationPortrait UIInterfaceOrientationPortraitUpsideDown UIInterfaceOrientationLandscapeLeft UIInterfaceOrientationLandscapeRight";
				INFOPLIST_KEY_UISupportedInterfaceOrientations_iPhone = "UIInterfaceOrientationPortrait UIInterfaceOrientationLandscapeLeft UIInterfaceOrientationLandscapeRight";
				LD_RUNPATH_SEARCH_PATHS = (
					"$(inherited)",
					"@executable_path/Frameworks",
				);
				MARKETING_VERSION = 1.0;
				PRODUCT_BUNDLE_IDENTIFIER = KWK.AboutMe;
				PRODUCT_NAME = "$(TARGET_NAME)";
				SWIFT_EMIT_LOC_STRINGS = YES;
				SWIFT_VERSION = 5.0;
				TARGETED_DEVICE_FAMILY = "1,2";
			};
			name = Release;
		};
		277637DE2DA5BFDB00B414D8 /* Debug */ = {
			isa = XCBuildConfiguration;
			buildSettings = {
				BUNDLE_LOADER = "$(TEST_HOST)";
				CODE_SIGN_STYLE = Automatic;
				CURRENT_PROJECT_VERSION = 1;
				GENERATE_INFOPLIST_FILE = YES;
				IPHONEOS_DEPLOYMENT_TARGET = 18.4;
				MARKETING_VERSION = 1.0;
				PRODUCT_BUNDLE_IDENTIFIER = KWK.AboutMeTests;
				PRODUCT_NAME = "$(TARGET_NAME)";
				SWIFT_EMIT_LOC_STRINGS = NO;
				SWIFT_VERSION = 5.0;
				TARGETED_DEVICE_FAMILY = "1,2";
				TEST_HOST = "$(BUILT_PRODUCTS_DIR)/AboutMe.app/$(BUNDLE_EXECUTABLE_FOLDER_PATH)/AboutMe";
			};
			name = Debug;
		};
		277637DF2DA5BFDB00B414D8 /* Release */ = {
			isa = XCBuildConfiguration;
			buildSettings = {
				BUNDLE_LOADER = "$(TEST_HOST)";
				CODE_SIGN_STYLE = Automatic;
				CURRENT_PROJECT_VERSION = 1;
				GENERATE_INFOPLIST_FILE = YES;
				IPHONEOS_DEPLOYMENT_TARGET = 18.4;
				MARKETING_VERSION = 1.0;
				PRODUCT_BUNDLE_IDENTIFIER = KWK.AboutMeTests;
				PRODUCT_NAME = "$(TARGET_NAME)";
				SWIFT_EMIT_LOC_STRINGS = NO;
				SWIFT_VERSION = 5.0;
				TARGETED_DEVICE_FAMILY = "1,2";
				TEST_HOST = "$(BUILT_PRODUCTS_DIR)/AboutMe.app/$(BUNDLE_EXECUTABLE_FOLDER_PATH)/AboutMe";
			};
			name = Release;
		};
		277637E12DA5BFDB00B414D8 /* Debug */ = {
			isa = XCBuildConfiguration;
			buildSettings = {
				CODE_SIGN_STYLE = Automatic;
				CURRENT_PROJECT_VERSION = 1;
				GENERATE_INFOPLIST_FILE = YES;
				MARKETING_VERSION = 1.0;
				PRODUCT_BUNDLE_IDENTIFIER = KWK.AboutMeUITests;
				PRODUCT_NAME = "$(TARGET_NAME)";
				SWIFT_EMIT_LOC_STRINGS = NO;
				SWIFT_VERSION = 5.0;
				TARGETED_DEVICE_FAMILY = "1,2";
				TEST_TARGET_NAME = AboutMe;
			};
			name = Debug;
		};
		277637E22DA5BFDB00B414D8 /* Release */ = {
			isa = XCBuildConfiguration;
			buildSettings = {
				CODE_SIGN_STYLE = Automatic;
				CURRENT_PROJECT_VERSION = 1;
				GENERATE_INFOPLIST_FILE = YES;
				MARKETING_VERSION = 1.0;
				PRODUCT_BUNDLE_IDENTIFIER = KWK.AboutMeUITests;
				PRODUCT_NAME = "$(TARGET_NAME)";
				SWIFT_EMIT_LOC_STRINGS = NO;
				SWIFT_VERSION = 5.0;
				TARGETED_DEVICE_FAMILY = "1,2";
				TEST_TARGET_NAME = AboutMe;
			};
			name = Release;
		};
/* End XCBuildConfiguration section */

/* Begin XCConfigurationList section */
		277637B42DA5BFDA00B414D8 /* Build configuration list for PBXProject "AboutMe" */ = {
			isa = XCConfigurationList;
			buildConfigurations = (
				277637D82DA5BFDB00B414D8 /* Debug */,
				277637D92DA5BFDB00B414D8 /* Release */,
			);
			defaultConfigurationIsVisible = 0;
			defaultConfigurationName = Release;
		};
		277637DA2DA5BFDB00B414D8 /* Build configuration list for PBXNativeTarget "AboutMe" */ = {
			isa = XCConfigurationList;
			buildConfigurations = (
				277637DB2DA5BFDB00B414D8 /* Debug */,
				277637DC2DA5BFDB00B414D8 /* Release */,
			);
			defaultConfigurationIsVisible = 0;
			defaultConfigurationName = Release;
		};
		277637DD2DA5BFDB00B414D8 /* Build configuration list for PBXNativeTarget "AboutMeTests" */ = {
			isa = XCConfigurationList;
			buildConfigurations = (
				277637DE2DA5BFDB00B414D8 /* Debug */,
				277637DF2DA5BFDB00B414D8 /* Release */,
			);
			defaultConfigurationIsVisible = 0;
			defaultConfigurationName = Release;
		};
		277637E02DA5BFDB00B414D8 /* Build configuration list for PBXNativeTarget "AboutMeUITests" */ = {
			isa = XCConfigurationList;
			buildConfigurations = (
				277637E12DA5BFDB00B414D8 /* Debug */,
				277637E22DA5BFDB00B414D8 /* Release */,
			);
			defaultConfigurationIsVisible = 0;
			defaultConfigurationName = Release;
		};
/* End XCConfigurationList section */
	};
	rootObject = 277637B12DA5BFDA00B414D8 /* Project object */;
}
